
Microsoft Visual Studio Solution File, Format Version 12.00
# Visual Studio Version 17
VisualStudioVersion = 17.5.33414.496
MinimumVisualStudioVersion = 10.0.40219.1
Project("{FAE04EC0-301F-11D3-BF4B-00C04F79EFBC}") = "DataReader", "DataReader.csproj", "{AF79B8C6-3803-4D3B-86BD-237E0B3085DC}"
EndProject
Global
	GlobalSection(SolutionConfigurationPlatforms) = preSolution
		Debug|Any CPU = Debug|Any CPU
		Release|Any CPU = Release|Any CPU
	EndGlobalSection
	GlobalSection(ProjectConfigurationPlatforms) = postSolution
		{AF79B8C6-3803-4D3B-86BD-237E0B3085DC}.Debug|Any CPU.ActiveCfg = Debug|Any CPU
		{AF79B8C6-3803-4D3B-86BD-237E0B3085DC}.Debug|Any CPU.Build.0 = Debug|Any CPU
		{AF79B8C6-3803-4D3B-86BD-237E0B3085DC}.Release|Any CPU.ActiveCfg = Release|Any CPU
		{AF79B8C6-3803-4D3B-86BD-237E0B3085DC}.Release|Any CPU.Build.0 = Release|Any CPU
	EndGlobalSection
	GlobalSection(SolutionProperties) = preSolution
		HideSolutionNode = FALSE
	EndGlobalSection
	GlobalSection(ExtensibilityGlobals) = postSolution
		SolutionGuid = {6667B090-CC12-4C85-AED1-1F520DBA6126}
	EndGlobalSection
EndGlobal
